
Microsoft Visual Studio Solution File, Format Version 12.00
# Visual Studio Version 16
VisualStudioVersion = 16.0.29411.108
MinimumVisualStudioVersion = 10.0.40219.1
Project("{FAE04EC0-301F-11D3-BF4B-00C04F79EFBC}") = "FormulaOneConsole", "FormulaOneConsole\FormulaOneConsole.csproj", "{C256FE40-E6E4-4C16-9B3F-5DFE70177B63}"
EndProject
Global
	GlobalSection(SolutionConfigurationPlatforms) = preSolution
		Debug|Any CPU = Debug|Any CPU
		Release|Any CPU = Release|Any CPU
	EndGlobalSection
	GlobalSection(ProjectConfigurationPlatforms) = postSolution
		{C256FE40-E6E4-4C16-9B3F-5DFE70177B63}.Debug|Any CPU.ActiveCfg = Debug|Any CPU
		{C256FE40-E6E4-4C16-9B3F-5DFE70177B63}.Debug|Any CPU.Build.0 = Debug|Any CPU
		{C256FE40-E6E4-4C16-9B3F-5DFE70177B63}.Release|Any CPU.ActiveCfg = Release|Any CPU
		{C256FE40-E6E4-4C16-9B3F-5DFE70177B63}.Release|Any CPU.Build.0 = Release|Any CPU
	EndGlobalSection
	GlobalSection(SolutionProperties) = preSolution
		HideSolutionNode = FALSE
	EndGlobalSection
	GlobalSection(ExtensibilityGlobals) = postSolution
		SolutionGuid = {F14F2BFC-745D-4210-9D7F-149A8F6F182E}
	EndGlobalSection
EndGlobal
